
Microsoft Visual Studio Solution File, Format Version 12.00
# Visual Studio Version 17
VisualStudioVersion = 17.9.34701.34
MinimumVisualStudioVersion = 10.0.40219.1
Project("{8BC9CEB8-8B4A-11D0-8D11-00A0C91BC942}") = "noexcept", "noexcept\noexcept.vcxproj", "{8FB2B82B-90E0-4CCB-B6AF-745617C48375}"
EndProject
Project("{8BC9CEB8-8B4A-11D0-8D11-00A0C91BC942}") = "1-1", "1-1\1-1.vcxproj", "{671AF397-68A6-4F3A-B0AA-B9846F6073EB}"
EndProject
Project("{8BC9CEB8-8B4A-11D0-8D11-00A0C91BC942}") = "2-1", "2-1\2-1.vcxproj", "{9DBBC9AA-92D9-461F-92BF-02A74208EAE6}"
EndProject
Project("{8BC9CEB8-8B4A-11D0-8D11-00A0C91BC942}") = "2-2", "2-2\2-2.vcxproj", "{29905A23-820C-44BC-8C83-406F55C5508A}"
EndProject
Project("{8BC9CEB8-8B4A-11D0-8D11-00A0C91BC942}") = "2-3", "2-3\2-3.vcxproj", "{A75E66C2-975C-4772-B3E4-06D22453E034}"
EndProject
Project("{8BC9CEB8-8B4A-11D0-8D11-00A0C91BC942}") = "c拷贝构造-拷贝赋值", "c拷贝构造-拷贝赋值运算符\c拷贝构造.vcxproj", "{5852E6CC-18C8-4B88-BA06-56EC32940EDA}"
EndProject
Project("{8BC9CEB8-8B4A-11D0-8D11-00A0C91BC942}") = "2-4", "2-4\2-4.vcxproj", "{E0ADFF45-8102-4A7E-B7DA-3B44E73B622A}"
EndProject
Project("{8BC9CEB8-8B4A-11D0-8D11-00A0C91BC942}") = "2-5", "2-5\2-5.vcxproj", "{54675FED-9005-4F3E-B550-6DFBA1917820}"
EndProject
Project("{8BC9CEB8-8B4A-11D0-8D11-00A0C91BC942}") = "2-6", "2-6\2-6.vcxproj", "{77FDE6D2-B7D8-4F5B-A43D-C99A50FA20AB}"
EndProject
Project("{8BC9CEB8-8B4A-11D0-8D11-00A0C91BC942}") = "h模板", "h模板\h模板.vcxproj", "{FCBBA845-123D-4E40-BB46-777AB323EE2E}"
EndProject
Project("{8BC9CEB8-8B4A-11D0-8D11-00A0C91BC942}") = "2-7", "2-7\2-7.vcxproj", "{4B81FB54-CDC5-4829-83B7-E18031B59A16}"
EndProject
Project("{8BC9CEB8-8B4A-11D0-8D11-00A0C91BC942}") = "2-8", "2-8\2-8.vcxproj", "{72AB978B-19CD-44FA-8FA7-6429857634FD}"
EndProject
Project("{8BC9CEB8-8B4A-11D0-8D11-00A0C91BC942}") = "2-9", "2-9\2-9.vcxproj", "{12E5B004-AF8E-4FD3-A3C8-B43FA963ABC8}"
EndProject
Project("{8BC9CEB8-8B4A-11D0-8D11-00A0C91BC942}") = "2-10", "2-10\2-10.vcxproj", "{6EF92DAA-B688-43CD-BC7D-204107973B80}"
EndProject
Project("{8BC9CEB8-8B4A-11D0-8D11-00A0C91BC942}") = "2-11", "2-11\2-11.vcxproj", "{9024FAC8-618D-4439-AC16-36565A95BAE8}"
EndProject
Project("{8BC9CEB8-8B4A-11D0-8D11-00A0C91BC942}") = "2-12", "2-12\2-12.vcxproj", "{3DEB987A-21D5-45F3-B1A7-3D2352FD551C}"
EndProject
Project("{8BC9CEB8-8B4A-11D0-8D11-00A0C91BC942}") = "2-13", "2-13\2-13.vcxproj", "{5D64E901-76BA-4AAF-8C54-F02C58DE4833}"
EndProject
Project("{8BC9CEB8-8B4A-11D0-8D11-00A0C91BC942}") = "2-14", "2-14\2-14.vcxproj", "{F62A087E-B9FB-4E21-BF5A-5EB014891749}"
EndProject
Project("{8BC9CEB8-8B4A-11D0-8D11-00A0C91BC942}") = "2-15", "2-15\2-15.vcxproj", "{9F6370E8-E165-41D4-A55E-B761C20C1483}"
EndProject
Project("{8BC9CEB8-8B4A-11D0-8D11-00A0C91BC942}") = "3-1", "3-1\3-1.vcxproj", "{DD5EDC66-10A8-4371-8DDE-F1CAE0B3F138}"
EndProject
Project("{8BC9CEB8-8B4A-11D0-8D11-00A0C91BC942}") = "3-2", "3-2\3-2.vcxproj", "{F2EB04FF-1052-45D0-BDA5-D75E44BA84DF}"
EndProject
Project("{8BC9CEB8-8B4A-11D0-8D11-00A0C91BC942}") = "3-3", "3-3\3-3.vcxproj", "{12719B5F-BF0C-4EB7-A795-C2726BD162CE}"
EndProject
Project("{8BC9CEB8-8B4A-11D0-8D11-00A0C91BC942}") = "3-4", "3-4\3-4.vcxproj", "{5C3E5B0C-1A08-4AD9-9C8D-C9A821F9C522}"
EndProject
Project("{8BC9CEB8-8B4A-11D0-8D11-00A0C91BC942}") = "4-1", "4-1\4-1.vcxproj", "{204D4F2C-90A7-44A7-A6A4-A9AFA3F033A8}"
EndProject
Project("{8BC9CEB8-8B4A-11D0-8D11-00A0C91BC942}") = "4-2", "4-2\4-2.vcxproj", "{70DE660B-53EF-418D-99CC-D0A310406B73}"
EndProject
Project("{8BC9CEB8-8B4A-11D0-8D11-00A0C91BC942}") = "5-1", "5-1\5-1.vcxproj", "{0583C418-1158-4258-8CD6-68D47E2A570E}"
EndProject
Project("{8BC9CEB8-8B4A-11D0-8D11-00A0C91BC942}") = "5-2", "5-2\5-2.vcxproj", "{60E17A19-918C-4998-AA11-12D366F26CEC}"
EndProject
Project("{8BC9CEB8-8B4A-11D0-8D11-00A0C91BC942}") = "7-1", "7-1\7-1.vcxproj", "{AE30B939-671C-40EF-8C87-A6531FBEF89B}"
EndProject
Project("{8BC9CEB8-8B4A-11D0-8D11-00A0C91BC942}") = "7-2", "7-2\7-2.vcxproj", "{7592E6C8-9482-416D-A19D-268D5A7C2525}"
EndProject
Project("{8BC9CEB8-8B4A-11D0-8D11-00A0C91BC942}") = "7-3", "7-3\7-3.vcxproj", "{B62FD940-BAC5-4D99-8219-208BB609F0C3}"
EndProject
Project("{8BC9CEB8-8B4A-11D0-8D11-00A0C91BC942}") = "std线程", "std线程\std线程.vcxproj", "{18DEE5EF-1303-4BF6-B243-E05BAF877072}"
EndProject
Project("{8BC9CEB8-8B4A-11D0-8D11-00A0C91BC942}") = "std_async", "std_async\std_async.vcxproj", "{97AF52B1-81DA-46A6-8C6B-1A446AD2D09A}"
EndProject
Project("{8BC9CEB8-8B4A-11D0-8D11-00A0C91BC942}") = "std_async延迟启动", "async延迟启动\async延迟启动.vcxproj", "{AB8C9904-47E1-494B-9362-2565956E41A6}"
EndProject
Project("{8BC9CEB8-8B4A-11D0-8D11-00A0C91BC942}") = "stdpromise", "stdpromise\stdpromise.vcxproj", "{4A687717-B9FB-4777-87E4-331FB2946789}"
EndProject
Project("{8BC9CEB8-8B4A-11D0-8D11-00A0C91BC942}") = "packagedtask包装任务", "packagedtask包装任务\packagedtask包装任务.vcxproj", "{AD62FB5E-84D8-425E-92F4-6E95135495BD}"
EndProject
Project("{8BC9CEB8-8B4A-11D0-8D11-00A0C91BC942}") = "7-4", "7-4\7-4.vcxproj", "{6AB712BA-718D-4CF0-A3E1-FD4B8C7B9208}"
EndProject
Project("{8BC9CEB8-8B4A-11D0-8D11-00A0C91BC942}") = "7-5", "7-5\7-5.vcxproj", "{A7DBE2D9-5AE6-4057-8F5D-60D7863465C9}"
EndProject
Project("{8BC9CEB8-8B4A-11D0-8D11-00A0C91BC942}") = "7-6", "7-6\7-6.vcxproj", "{95E1B135-6E5D-4315-8547-38EBA3E163E9}"
EndProject
Project("{8BC9CEB8-8B4A-11D0-8D11-00A0C91BC942}") = "s演示死锁", "s演示死锁\s演示死锁.vcxproj", "{A46498C2-63C4-4C87-A6EC-4D1BF47D89BE}"
EndProject
Project("{8BC9CEB8-8B4A-11D0-8D11-00A0C91BC942}") = "7-7", "7-7\7-7.vcxproj", "{FD94ACF3-D203-490A-83F4-7619C2C41C72}"
EndProject
Project("{8BC9CEB8-8B4A-11D0-8D11-00A0C91BC942}") = "7-8", "7-8\7-8.vcxproj", "{745C0619-C58E-4355-B9AB-A1F157B34C01}"
EndProject
Project("{8BC9CEB8-8B4A-11D0-8D11-00A0C91BC942}") = "c测试条件变量wait", "c测试条件变量wait\c测试条件变量wait.vcxproj", "{CD818B81-FA08-4A6D-95E0-88F4A4A58F4B}"
EndProject
Project("{8BC9CEB8-8B4A-11D0-8D11-00A0C91BC942}") = "9-1", "9-1\9-1.vcxproj", "{76F133FE-683E-4D78-9E62-B7284C9FB5F9}"
EndProject
Project("{8BC9CEB8-8B4A-11D0-8D11-00A0C91BC942}") = "y移动构造-移动赋值", "y移动构造-移动赋值\y移动构造-移动赋值.vcxproj", "{35B613A6-3F85-4815-9004-FD27B93931F7}"
EndProject
Project("{8BC9CEB8-8B4A-11D0-8D11-00A0C91BC942}") = "9-2", "9-2\9-2.vcxproj", "{A618999D-9DC7-4A95-BFEE-8B74EE66F192}"
EndProject
Project("{8BC9CEB8-8B4A-11D0-8D11-00A0C91BC942}") = "9-3", "9-3\9-3.vcxproj", "{7DED7E8D-BAC2-4E01-A91B-453AEB5595F7}"
EndProject
Project("{8BC9CEB8-8B4A-11D0-8D11-00A0C91BC942}") = "test", "test\test.vcxproj", "{AE1EAA19-7158-4EA3-80B6-3D679924D76D}"
EndProject
Project("{8BC9CEB8-8B4A-11D0-8D11-00A0C91BC942}") = "l类模板", "l类模板\l类模板.vcxproj", "{0AB7F693-2AE3-4A79-9A50-F52C85C60F23}"
EndProject
Project("{8BC9CEB8-8B4A-11D0-8D11-00A0C91BC942}") = "q模板全特化", "q模板全特化\q模板全特化.vcxproj", "{C86F6E88-F217-46B3-B2CE-CD5D8871D37E}"
EndProject
Project("{8BC9CEB8-8B4A-11D0-8D11-00A0C91BC942}") = "p偏特化模板", "p偏特化模板\p偏特化模板.vcxproj", "{3BC3ECD1-92CB-402F-BF2D-321FE83F87C6}"
EndProject
Project("{8BC9CEB8-8B4A-11D0-8D11-00A0C91BC942}") = "k可变参数模板", "k可变参数模板\k可变参数模板.vcxproj", "{7759007A-BFA3-4B4F-A391-0DDDA927412D}"
EndProject
Project("{8BC9CEB8-8B4A-11D0-8D11-00A0C91BC942}") = "z折叠表达式", "z折叠表达式\z折叠表达式.vcxproj", "{E0B33E9B-9832-4E38-8A8E-7B4A6C8DF6E9}"
EndProject
Global
	GlobalSection(SolutionConfigurationPlatforms) = preSolution
		Debug|x64 = Debug|x64
		Debug|x86 = Debug|x86
		Release|x64 = Release|x64
		Release|x86 = Release|x86
	EndGlobalSection
	GlobalSection(ProjectConfigurationPlatforms) = postSolution
		{8FB2B82B-90E0-4CCB-B6AF-745617C48375}.Debug|x64.ActiveCfg = Debug|x64
		{8FB2B82B-90E0-4CCB-B6AF-745617C48375}.Debug|x64.Build.0 = Debug|x64
		{8FB2B82B-90E0-4CCB-B6AF-745617C48375}.Debug|x86.ActiveCfg = Debug|Win32
		{8FB2B82B-90E0-4CCB-B6AF-745617C48375}.Debug|x86.Build.0 = Debug|Win32
		{8FB2B82B-90E0-4CCB-B6AF-745617C48375}.Release|x64.ActiveCfg = Release|x64
		{8FB2B82B-90E0-4CCB-B6AF-745617C48375}.Release|x64.Build.0 = Release|x64
		{8FB2B82B-90E0-4CCB-B6AF-745617C48375}.Release|x86.ActiveCfg = Release|Win32
		{8FB2B82B-90E0-4CCB-B6AF-745617C48375}.Release|x86.Build.0 = Release|Win32
		{671AF397-68A6-4F3A-B0AA-B9846F6073EB}.Debug|x64.ActiveCfg = Debug|x64
		{671AF397-68A6-4F3A-B0AA-B9846F6073EB}.Debug|x64.Build.0 = Debug|x64
		{671AF397-68A6-4F3A-B0AA-B9846F6073EB}.Debug|x86.ActiveCfg = Debug|Win32
		{671AF397-68A6-4F3A-B0AA-B9846F6073EB}.Debug|x86.Build.0 = Debug|Win32
		{671AF397-68A6-4F3A-B0AA-B9846F6073EB}.Release|x64.ActiveCfg = Release|x64
		{671AF397-68A6-4F3A-B0AA-B9846F6073EB}.Release|x64.Build.0 = Release|x64
		{671AF397-68A6-4F3A-B0AA-B9846F6073EB}.Release|x86.ActiveCfg = Release|Win32
		{671AF397-68A6-4F3A-B0AA-B9846F6073EB}.Release|x86.Build.0 = Release|Win32
		{9DBBC9AA-92D9-461F-92BF-02A74208EAE6}.Debug|x64.ActiveCfg = Debug|x64
		{9DBBC9AA-92D9-461F-92BF-02A74208EAE6}.Debug|x64.Build.0 = Debug|x64
		{9DBBC9AA-92D9-461F-92BF-02A74208EAE6}.Debug|x86.ActiveCfg = Debug|Win32
		{9DBBC9AA-92D9-461F-92BF-02A74208EAE6}.Debug|x86.Build.0 = Debug|Win32
		{9DBBC9AA-92D9-461F-92BF-02A74208EAE6}.Release|x64.ActiveCfg = Release|x64
		{9DBBC9AA-92D9-461F-92BF-02A74208EAE6}.Release|x64.Build.0 = Release|x64
		{9DBBC9AA-92D9-461F-92BF-02A74208EAE6}.Release|x86.ActiveCfg = Release|Win32
		{9DBBC9AA-92D9-461F-92BF-02A74208EAE6}.Release|x86.Build.0 = Release|Win32
		{29905A23-820C-44BC-8C83-406F55C5508A}.Debug|x64.ActiveCfg = Debug|x64
		{29905A23-820C-44BC-8C83-406F55C5508A}.Debug|x64.Build.0 = Debug|x64
		{29905A23-820C-44BC-8C83-406F55C5508A}.Debug|x86.ActiveCfg = Debug|Win32
		{29905A23-820C-44BC-8C83-406F55C5508A}.Debug|x86.Build.0 = Debug|Win32
		{29905A23-820C-44BC-8C83-406F55C5508A}.Release|x64.ActiveCfg = Release|x64
		{29905A23-820C-44BC-8C83-406F55C5508A}.Release|x64.Build.0 = Release|x64
		{29905A23-820C-44BC-8C83-406F55C5508A}.Release|x86.ActiveCfg = Release|Win32
		{29905A23-820C-44BC-8C83-406F55C5508A}.Release|x86.Build.0 = Release|Win32
		{A75E66C2-975C-4772-B3E4-06D22453E034}.Debug|x64.ActiveCfg = Debug|x64
		{A75E66C2-975C-4772-B3E4-06D22453E034}.Debug|x64.Build.0 = Debug|x64
		{A75E66C2-975C-4772-B3E4-06D22453E034}.Debug|x86.ActiveCfg = Debug|Win32
		{A75E66C2-975C-4772-B3E4-06D22453E034}.Debug|x86.Build.0 = Debug|Win32
		{A75E66C2-975C-4772-B3E4-06D22453E034}.Release|x64.ActiveCfg = Release|x64
		{A75E66C2-975C-4772-B3E4-06D22453E034}.Release|x64.Build.0 = Release|x64
		{A75E66C2-975C-4772-B3E4-06D22453E034}.Release|x86.ActiveCfg = Release|Win32
		{A75E66C2-975C-4772-B3E4-06D22453E034}.Release|x86.Build.0 = Release|Win32
		{5852E6CC-18C8-4B88-BA06-56EC32940EDA}.Debug|x64.ActiveCfg = Debug|x64
		{5852E6CC-18C8-4B88-BA06-56EC32940EDA}.Debug|x64.Build.0 = Debug|x64
		{5852E6CC-18C8-4B88-BA06-56EC32940EDA}.Debug|x86.ActiveCfg = Debug|Win32
		{5852E6CC-18C8-4B88-BA06-56EC32940EDA}.Debug|x86.Build.0 = Debug|Win32
		{5852E6CC-18C8-4B88-BA06-56EC32940EDA}.Release|x64.ActiveCfg = Release|x64
		{5852E6CC-18C8-4B88-BA06-56EC32940EDA}.Release|x64.Build.0 = Release|x64
		{5852E6CC-18C8-4B88-BA06-56EC32940EDA}.Release|x86.ActiveCfg = Release|Win32
		{5852E6CC-18C8-4B88-BA06-56EC32940EDA}.Release|x86.Build.0 = Release|Win32
		{E0ADFF45-8102-4A7E-B7DA-3B44E73B622A}.Debug|x64.ActiveCfg = Debug|x64
		{E0ADFF45-8102-4A7E-B7DA-3B44E73B622A}.Debug|x64.Build.0 = Debug|x64
		{E0ADFF45-8102-4A7E-B7DA-3B44E73B622A}.Debug|x86.ActiveCfg = Debug|Win32
		{E0ADFF45-8102-4A7E-B7DA-3B44E73B622A}.Debug|x86.Build.0 = Debug|Win32
		{E0ADFF45-8102-4A7E-B7DA-3B44E73B622A}.Release|x64.ActiveCfg = Release|x64
		{E0ADFF45-8102-4A7E-B7DA-3B44E73B622A}.Release|x64.Build.0 = Release|x64
		{E0ADFF45-8102-4A7E-B7DA-3B44E73B622A}.Release|x86.ActiveCfg = Release|Win32
		{E0ADFF45-8102-4A7E-B7DA-3B44E73B622A}.Release|x86.Build.0 = Release|Win32
		{54675FED-9005-4F3E-B550-6DFBA1917820}.Debug|x64.ActiveCfg = Debug|x64
		{54675FED-9005-4F3E-B550-6DFBA1917820}.Debug|x64.Build.0 = Debug|x64
		{54675FED-9005-4F3E-B550-6DFBA1917820}.Debug|x86.ActiveCfg = Debug|Win32
		{54675FED-9005-4F3E-B550-6DFBA1917820}.Debug|x86.Build.0 = Debug|Win32
		{54675FED-9005-4F3E-B550-6DFBA1917820}.Release|x64.ActiveCfg = Release|x64
		{54675FED-9005-4F3E-B550-6DFBA1917820}.Release|x64.Build.0 = Release|x64
		{54675FED-9005-4F3E-B550-6DFBA1917820}.Release|x86.ActiveCfg = Release|Win32
		{54675FED-9005-4F3E-B550-6DFBA1917820}.Release|x86.Build.0 = Release|Win32
		{77FDE6D2-B7D8-4F5B-A43D-C99A50FA20AB}.Debug|x64.ActiveCfg = Debug|x64
		{77FDE6D2-B7D8-4F5B-A43D-C99A50FA20AB}.Debug|x64.Build.0 = Debug|x64
		{77FDE6D2-B7D8-4F5B-A43D-C99A50FA20AB}.Debug|x86.ActiveCfg = Debug|Win32
		{77FDE6D2-B7D8-4F5B-A43D-C99A50FA20AB}.Debug|x86.Build.0 = Debug|Win32
		{77FDE6D2-B7D8-4F5B-A43D-C99A50FA20AB}.Release|x64.ActiveCfg = Release|x64
		{77FDE6D2-B7D8-4F5B-A43D-C99A50FA20AB}.Release|x64.Build.0 = Release|x64
		{77FDE6D2-B7D8-4F5B-A43D-C99A50FA20AB}.Release|x86.ActiveCfg = Release|Win32
		{77FDE6D2-B7D8-4F5B-A43D-C99A50FA20AB}.Release|x86.Build.0 = Release|Win32
		{FCBBA845-123D-4E40-BB46-777AB323EE2E}.Debug|x64.ActiveCfg = Debug|x64
		{FCBBA845-123D-4E40-BB46-777AB323EE2E}.Debug|x64.Build.0 = Debug|x64
		{FCBBA845-123D-4E40-BB46-777AB323EE2E}.Debug|x86.ActiveCfg = Debug|Win32
		{FCBBA845-123D-4E40-BB46-777AB323EE2E}.Debug|x86.Build.0 = Debug|Win32
		{FCBBA845-123D-4E40-BB46-777AB323EE2E}.Release|x64.ActiveCfg = Release|x64
		{FCBBA845-123D-4E40-BB46-777AB323EE2E}.Release|x64.Build.0 = Release|x64
		{FCBBA845-123D-4E40-BB46-777AB323EE2E}.Release|x86.ActiveCfg = Release|Win32
		{FCBBA845-123D-4E40-BB46-777AB323EE2E}.Release|x86.Build.0 = Release|Win32
		{4B81FB54-CDC5-4829-83B7-E18031B59A16}.Debug|x64.ActiveCfg = Debug|x64
		{4B81FB54-CDC5-4829-83B7-E18031B59A16}.Debug|x64.Build.0 = Debug|x64
		{4B81FB54-CDC5-4829-83B7-E18031B59A16}.Debug|x86.ActiveCfg = Debug|Win32
		{4B81FB54-CDC5-4829-83B7-E18031B59A16}.Debug|x86.Build.0 = Debug|Win32
		{4B81FB54-CDC5-4829-83B7-E18031B59A16}.Release|x64.ActiveCfg = Release|x64
		{4B81FB54-CDC5-4829-83B7-E18031B59A16}.Release|x64.Build.0 = Release|x64
		{4B81FB54-CDC5-4829-83B7-E18031B59A16}.Release|x86.ActiveCfg = Release|Win32
		{4B81FB54-CDC5-4829-83B7-E18031B59A16}.Release|x86.Build.0 = Release|Win32
		{72AB978B-19CD-44FA-8FA7-6429857634FD}.Debug|x64.ActiveCfg = Debug|x64
		{72AB978B-19CD-44FA-8FA7-6429857634FD}.Debug|x64.Build.0 = Debug|x64
		{72AB978B-19CD-44FA-8FA7-6429857634FD}.Debug|x86.ActiveCfg = Debug|Win32
		{72AB978B-19CD-44FA-8FA7-6429857634FD}.Debug|x86.Build.0 = Debug|Win32
		{72AB978B-19CD-44FA-8FA7-6429857634FD}.Release|x64.ActiveCfg = Release|x64
		{72AB978B-19CD-44FA-8FA7-6429857634FD}.Release|x64.Build.0 = Release|x64
		{72AB978B-19CD-44FA-8FA7-6429857634FD}.Release|x86.ActiveCfg = Release|Win32
		{72AB978B-19CD-44FA-8FA7-6429857634FD}.Release|x86.Build.0 = Release|Win32
		{12E5B004-AF8E-4FD3-A3C8-B43FA963ABC8}.Debug|x64.ActiveCfg = Debug|x64
		{12E5B004-AF8E-4FD3-A3C8-B43FA963ABC8}.Debug|x64.Build.0 = Debug|x64
		{12E5B004-AF8E-4FD3-A3C8-B43FA963ABC8}.Debug|x86.ActiveCfg = Debug|Win32
		{12E5B004-AF8E-4FD3-A3C8-B43FA963ABC8}.Debug|x86.Build.0 = Debug|Win32
		{12E5B004-AF8E-4FD3-A3C8-B43FA963ABC8}.Release|x64.ActiveCfg = Release|x64
		{12E5B004-AF8E-4FD3-A3C8-B43FA963ABC8}.Release|x64.Build.0 = Release|x64
		{12E5B004-AF8E-4FD3-A3C8-B43FA963ABC8}.Release|x86.ActiveCfg = Release|Win32
		{12E5B004-AF8E-4FD3-A3C8-B43FA963ABC8}.Release|x86.Build.0 = Release|Win32
		{6EF92DAA-B688-43CD-BC7D-204107973B80}.Debug|x64.ActiveCfg = Debug|x64
		{6EF92DAA-B688-43CD-BC7D-204107973B80}.Debug|x64.Build.0 = Debug|x64
		{6EF92DAA-B688-43CD-BC7D-204107973B80}.Debug|x86.ActiveCfg = Debug|Win32
		{6EF92DAA-B688-43CD-BC7D-204107973B80}.Debug|x86.Build.0 = Debug|Win32
		{6EF92DAA-B688-43CD-BC7D-204107973B80}.Release|x64.ActiveCfg = Release|x64
		{6EF92DAA-B688-43CD-BC7D-204107973B80}.Release|x64.Build.0 = Release|x64
		{6EF92DAA-B688-43CD-BC7D-204107973B80}.Release|x86.ActiveCfg = Release|Win32
		{6EF92DAA-B688-43CD-BC7D-204107973B80}.Release|x86.Build.0 = Release|Win32
		{9024FAC8-618D-4439-AC16-36565A95BAE8}.Debug|x64.ActiveCfg = Debug|x64
		{9024FAC8-618D-4439-AC16-36565A95BAE8}.Debug|x64.Build.0 = Debug|x64
		{9024FAC8-618D-4439-AC16-36565A95BAE8}.Debug|x86.ActiveCfg = Debug|Win32
		{9024FAC8-618D-4439-AC16-36565A95BAE8}.Debug|x86.Build.0 = Debug|Win32
		{9024FAC8-618D-4439-AC16-36565A95BAE8}.Release|x64.ActiveCfg = Release|x64
		{9024FAC8-618D-4439-AC16-36565A95BAE8}.Release|x64.Build.0 = Release|x64
		{9024FAC8-618D-4439-AC16-36565A95BAE8}.Release|x86.ActiveCfg = Release|Win32
		{9024FAC8-618D-4439-AC16-36565A95BAE8}.Release|x86.Build.0 = Release|Win32
		{3DEB987A-21D5-45F3-B1A7-3D2352FD551C}.Debug|x64.ActiveCfg = Debug|x64
		{3DEB987A-21D5-45F3-B1A7-3D2352FD551C}.Debug|x64.Build.0 = Debug|x64
		{3DEB987A-21D5-45F3-B1A7-3D2352FD551C}.Debug|x86.ActiveCfg = Debug|Win32
		{3DEB987A-21D5-45F3-B1A7-3D2352FD551C}.Debug|x86.Build.0 = Debug|Win32
		{3DEB987A-21D5-45F3-B1A7-3D2352FD551C}.Release|x64.ActiveCfg = Release|x64
		{3DEB987A-21D5-45F3-B1A7-3D2352FD551C}.Release|x64.Build.0 = Release|x64
		{3DEB987A-21D5-45F3-B1A7-3D2352FD551C}.Release|x86.ActiveCfg = Release|Win32
		{3DEB987A-21D5-45F3-B1A7-3D2352FD551C}.Release|x86.Build.0 = Release|Win32
		{5D64E901-76BA-4AAF-8C54-F02C58DE4833}.Debug|x64.ActiveCfg = Debug|x64
		{5D64E901-76BA-4AAF-8C54-F02C58DE4833}.Debug|x64.Build.0 = Debug|x64
		{5D64E901-76BA-4AAF-8C54-F02C58DE4833}.Debug|x86.ActiveCfg = Debug|Win32
		{5D64E901-76BA-4AAF-8C54-F02C58DE4833}.Debug|x86.Build.0 = Debug|Win32
		{5D64E901-76BA-4AAF-8C54-F02C58DE4833}.Release|x64.ActiveCfg = Release|x64
		{5D64E901-76BA-4AAF-8C54-F02C58DE4833}.Release|x64.Build.0 = Release|x64
		{5D64E901-76BA-4AAF-8C54-F02C58DE4833}.Release|x86.ActiveCfg = Release|Win32
		{5D64E901-76BA-4AAF-8C54-F02C58DE4833}.Release|x86.Build.0 = Release|Win32
		{F62A087E-B9FB-4E21-BF5A-5EB014891749}.Debug|x64.ActiveCfg = Debug|x64
		{F62A087E-B9FB-4E21-BF5A-5EB014891749}.Debug|x64.Build.0 = Debug|x64
		{F62A087E-B9FB-4E21-BF5A-5EB014891749}.Debug|x86.ActiveCfg = Debug|Win32
		{F62A087E-B9FB-4E21-BF5A-5EB014891749}.Debug|x86.Build.0 = Debug|Win32
		{F62A087E-B9FB-4E21-BF5A-5EB014891749}.Release|x64.ActiveCfg = Release|x64
		{F62A087E-B9FB-4E21-BF5A-5EB014891749}.Release|x64.Build.0 = Release|x64
		{F62A087E-B9FB-4E21-BF5A-5EB014891749}.Release|x86.ActiveCfg = Release|Win32
		{F62A087E-B9FB-4E21-BF5A-5EB014891749}.Release|x86.Build.0 = Release|Win32
		{9F6370E8-E165-41D4-A55E-B761C20C1483}.Debug|x64.ActiveCfg = Debug|x64
		{9F6370E8-E165-41D4-A55E-B761C20C1483}.Debug|x64.Build.0 = Debug|x64
		{9F6370E8-E165-41D4-A55E-B761C20C1483}.Debug|x86.ActiveCfg = Debug|Win32
		{9F6370E8-E165-41D4-A55E-B761C20C1483}.Debug|x86.Build.0 = Debug|Win32
		{9F6370E8-E165-41D4-A55E-B761C20C1483}.Release|x64.ActiveCfg = Release|x64
		{9F6370E8-E165-41D4-A55E-B761C20C1483}.Release|x64.Build.0 = Release|x64
		{9F6370E8-E165-41D4-A55E-B761C20C1483}.Release|x86.ActiveCfg = Release|Win32
		{9F6370E8-E165-41D4-A55E-B761C20C1483}.Release|x86.Build.0 = Release|Win32
		{DD5EDC66-10A8-4371-8DDE-F1CAE0B3F138}.Debug|x64.ActiveCfg = Debug|x64
		{DD5EDC66-10A8-4371-8DDE-F1CAE0B3F138}.Debug|x64.Build.0 = Debug|x64
		{DD5EDC66-10A8-4371-8DDE-F1CAE0B3F138}.Debug|x86.ActiveCfg = Debug|Win32
		{DD5EDC66-10A8-4371-8DDE-F1CAE0B3F138}.Debug|x86.Build.0 = Debug|Win32
		{DD5EDC66-10A8-4371-8DDE-F1CAE0B3F138}.Release|x64.ActiveCfg = Release|x64
		{DD5EDC66-10A8-4371-8DDE-F1CAE0B3F138}.Release|x64.Build.0 = Release|x64
		{DD5EDC66-10A8-4371-8DDE-F1CAE0B3F138}.Release|x86.ActiveCfg = Release|Win32
		{DD5EDC66-10A8-4371-8DDE-F1CAE0B3F138}.Release|x86.Build.0 = Release|Win32
		{F2EB04FF-1052-45D0-BDA5-D75E44BA84DF}.Debug|x64.ActiveCfg = Debug|x64
		{F2EB04FF-1052-45D0-BDA5-D75E44BA84DF}.Debug|x64.Build.0 = Debug|x64
		{F2EB04FF-1052-45D0-BDA5-D75E44BA84DF}.Debug|x86.ActiveCfg = Debug|Win32
		{F2EB04FF-1052-45D0-BDA5-D75E44BA84DF}.Debug|x86.Build.0 = Debug|Win32
		{F2EB04FF-1052-45D0-BDA5-D75E44BA84DF}.Release|x64.ActiveCfg = Release|x64
		{F2EB04FF-1052-45D0-BDA5-D75E44BA84DF}.Release|x64.Build.0 = Release|x64
		{F2EB04FF-1052-45D0-BDA5-D75E44BA84DF}.Release|x86.ActiveCfg = Release|Win32
		{F2EB04FF-1052-45D0-BDA5-D75E44BA84DF}.Release|x86.Build.0 = Release|Win32
		{12719B5F-BF0C-4EB7-A795-C2726BD162CE}.Debug|x64.ActiveCfg = Debug|x64
		{12719B5F-BF0C-4EB7-A795-C2726BD162CE}.Debug|x64.Build.0 = Debug|x64
		{12719B5F-BF0C-4EB7-A795-C2726BD162CE}.Debug|x86.ActiveCfg = Debug|Win32
		{12719B5F-BF0C-4EB7-A795-C2726BD162CE}.Debug|x86.Build.0 = Debug|Win32
		{12719B5F-BF0C-4EB7-A795-C2726BD162CE}.Release|x64.ActiveCfg = Release|x64
		{12719B5F-BF0C-4EB7-A795-C2726BD162CE}.Release|x64.Build.0 = Release|x64
		{12719B5F-BF0C-4EB7-A795-C2726BD162CE}.Release|x86.ActiveCfg = Release|Win32
		{12719B5F-BF0C-4EB7-A795-C2726BD162CE}.Release|x86.Build.0 = Release|Win32
		{5C3E5B0C-1A08-4AD9-9C8D-C9A821F9C522}.Debug|x64.ActiveCfg = Debug|x64
		{5C3E5B0C-1A08-4AD9-9C8D-C9A821F9C522}.Debug|x64.Build.0 = Debug|x64
		{5C3E5B0C-1A08-4AD9-9C8D-C9A821F9C522}.Debug|x86.ActiveCfg = Debug|Win32
		{5C3E5B0C-1A08-4AD9-9C8D-C9A821F9C522}.Debug|x86.Build.0 = Debug|Win32
		{5C3E5B0C-1A08-4AD9-9C8D-C9A821F9C522}.Release|x64.ActiveCfg = Release|x64
		{5C3E5B0C-1A08-4AD9-9C8D-C9A821F9C522}.Release|x64.Build.0 = Release|x64
		{5C3E5B0C-1A08-4AD9-9C8D-C9A821F9C522}.Release|x86.ActiveCfg = Release|Win32
		{5C3E5B0C-1A08-4AD9-9C8D-C9A821F9C522}.Release|x86.Build.0 = Release|Win32
		{204D4F2C-90A7-44A7-A6A4-A9AFA3F033A8}.Debug|x64.ActiveCfg = Debug|x64
		{204D4F2C-90A7-44A7-A6A4-A9AFA3F033A8}.Debug|x64.Build.0 = Debug|x64
		{204D4F2C-90A7-44A7-A6A4-A9AFA3F033A8}.Debug|x86.ActiveCfg = Debug|Win32
		{204D4F2C-90A7-44A7-A6A4-A9AFA3F033A8}.Debug|x86.Build.0 = Debug|Win32
		{204D4F2C-90A7-44A7-A6A4-A9AFA3F033A8}.Release|x64.ActiveCfg = Release|x64
		{204D4F2C-90A7-44A7-A6A4-A9AFA3F033A8}.Release|x64.Build.0 = Release|x64
		{204D4F2C-90A7-44A7-A6A4-A9AFA3F033A8}.Release|x86.ActiveCfg = Release|Win32
		{204D4F2C-90A7-44A7-A6A4-A9AFA3F033A8}.Release|x86.Build.0 = Release|Win32
		{70DE660B-53EF-418D-99CC-D0A310406B73}.Debug|x64.ActiveCfg = Debug|x64
		{70DE660B-53EF-418D-99CC-D0A310406B73}.Debug|x64.Build.0 = Debug|x64
		{70DE660B-53EF-418D-99CC-D0A310406B73}.Debug|x86.ActiveCfg = Debug|Win32
		{70DE660B-53EF-418D-99CC-D0A310406B73}.Debug|x86.Build.0 = Debug|Win32
		{70DE660B-53EF-418D-99CC-D0A310406B73}.Release|x64.ActiveCfg = Release|x64
		{70DE660B-53EF-418D-99CC-D0A310406B73}.Release|x64.Build.0 = Release|x64
		{70DE660B-53EF-418D-99CC-D0A310406B73}.Release|x86.ActiveCfg = Release|Win32
		{70DE660B-53EF-418D-99CC-D0A310406B73}.Release|x86.Build.0 = Release|Win32
		{0583C418-1158-4258-8CD6-68D47E2A570E}.Debug|x64.ActiveCfg = Debug|x64
		{0583C418-1158-4258-8CD6-68D47E2A570E}.Debug|x64.Build.0 = Debug|x64
		{0583C418-1158-4258-8CD6-68D47E2A570E}.Debug|x86.ActiveCfg = Debug|Win32
		{0583C418-1158-4258-8CD6-68D47E2A570E}.Debug|x86.Build.0 = Debug|Win32
		{0583C418-1158-4258-8CD6-68D47E2A570E}.Release|x64.ActiveCfg = Release|x64
		{0583C418-1158-4258-8CD6-68D47E2A570E}.Release|x64.Build.0 = Release|x64
		{0583C418-1158-4258-8CD6-68D47E2A570E}.Release|x86.ActiveCfg = Release|Win32
		{0583C418-1158-4258-8CD6-68D47E2A570E}.Release|x86.Build.0 = Release|Win32
		{60E17A19-918C-4998-AA11-12D366F26CEC}.Debug|x64.ActiveCfg = Debug|x64
		{60E17A19-918C-4998-AA11-12D366F26CEC}.Debug|x64.Build.0 = Debug|x64
		{60E17A19-918C-4998-AA11-12D366F26CEC}.Debug|x86.ActiveCfg = Debug|Win32
		{60E17A19-918C-4998-AA11-12D366F26CEC}.Debug|x86.Build.0 = Debug|Win32
		{60E17A19-918C-4998-AA11-12D366F26CEC}.Release|x64.ActiveCfg = Release|x64
		{60E17A19-918C-4998-AA11-12D366F26CEC}.Release|x64.Build.0 = Release|x64
		{60E17A19-918C-4998-AA11-12D366F26CEC}.Release|x86.ActiveCfg = Release|Win32
		{60E17A19-918C-4998-AA11-12D366F26CEC}.Release|x86.Build.0 = Release|Win32
		{AE30B939-671C-40EF-8C87-A6531FBEF89B}.Debug|x64.ActiveCfg = Debug|x64
		{AE30B939-671C-40EF-8C87-A6531FBEF89B}.Debug|x64.Build.0 = Debug|x64
		{AE30B939-671C-40EF-8C87-A6531FBEF89B}.Debug|x86.ActiveCfg = Debug|Win32
		{AE30B939-671C-40EF-8C87-A6531FBEF89B}.Debug|x86.Build.0 = Debug|Win32
		{AE30B939-671C-40EF-8C87-A6531FBEF89B}.Release|x64.ActiveCfg = Release|x64
		{AE30B939-671C-40EF-8C87-A6531FBEF89B}.Release|x64.Build.0 = Release|x64
		{AE30B939-671C-40EF-8C87-A6531FBEF89B}.Release|x86.ActiveCfg = Release|Win32
		{AE30B939-671C-40EF-8C87-A6531FBEF89B}.Release|x86.Build.0 = Release|Win32
		{7592E6C8-9482-416D-A19D-268D5A7C2525}.Debug|x64.ActiveCfg = Debug|x64
		{7592E6C8-9482-416D-A19D-268D5A7C2525}.Debug|x64.Build.0 = Debug|x64
		{7592E6C8-9482-416D-A19D-268D5A7C2525}.Debug|x86.ActiveCfg = Debug|Win32
		{7592E6C8-9482-416D-A19D-268D5A7C2525}.Debug|x86.Build.0 = Debug|Win32
		{7592E6C8-9482-416D-A19D-268D5A7C2525}.Release|x64.ActiveCfg = Release|x64
		{7592E6C8-9482-416D-A19D-268D5A7C2525}.Release|x64.Build.0 = Release|x64
		{7592E6C8-9482-416D-A19D-268D5A7C2525}.Release|x86.ActiveCfg = Release|Win32
		{7592E6C8-9482-416D-A19D-268D5A7C2525}.Release|x86.Build.0 = Release|Win32
		{B62FD940-BAC5-4D99-8219-208BB609F0C3}.Debug|x64.ActiveCfg = Debug|x64
		{B62FD940-BAC5-4D99-8219-208BB609F0C3}.Debug|x64.Build.0 = Debug|x64
		{B62FD940-BAC5-4D99-8219-208BB609F0C3}.Debug|x86.ActiveCfg = Debug|Win32
		{B62FD940-BAC5-4D99-8219-208BB609F0C3}.Debug|x86.Build.0 = Debug|Win32
		{B62FD940-BAC5-4D99-8219-208BB609F0C3}.Release|x64.ActiveCfg = Release|x64
		{B62FD940-BAC5-4D99-8219-208BB609F0C3}.Release|x64.Build.0 = Release|x64
		{B62FD940-BAC5-4D99-8219-208BB609F0C3}.Release|x86.ActiveCfg = Release|Win32
		{B62FD940-BAC5-4D99-8219-208BB609F0C3}.Release|x86.Build.0 = Release|Win32
		{18DEE5EF-1303-4BF6-B243-E05BAF877072}.Debug|x64.ActiveCfg = Debug|x64
		{18DEE5EF-1303-4BF6-B243-E05BAF877072}.Debug|x64.Build.0 = Debug|x64
		{18DEE5EF-1303-4BF6-B243-E05BAF877072}.Debug|x86.ActiveCfg = Debug|Win32
		{18DEE5EF-1303-4BF6-B243-E05BAF877072}.Debug|x86.Build.0 = Debug|Win32
		{18DEE5EF-1303-4BF6-B243-E05BAF877072}.Release|x64.ActiveCfg = Release|x64
		{18DEE5EF-1303-4BF6-B243-E05BAF877072}.Release|x64.Build.0 = Release|x64
		{18DEE5EF-1303-4BF6-B243-E05BAF877072}.Release|x86.ActiveCfg = Release|Win32
		{18DEE5EF-1303-4BF6-B243-E05BAF877072}.Release|x86.Build.0 = Release|Win32
		{97AF52B1-81DA-46A6-8C6B-1A446AD2D09A}.Debug|x64.ActiveCfg = Debug|x64
		{97AF52B1-81DA-46A6-8C6B-1A446AD2D09A}.Debug|x64.Build.0 = Debug|x64
		{97AF52B1-81DA-46A6-8C6B-1A446AD2D09A}.Debug|x86.ActiveCfg = Debug|Win32
		{97AF52B1-81DA-46A6-8C6B-1A446AD2D09A}.Debug|x86.Build.0 = Debug|Win32
		{97AF52B1-81DA-46A6-8C6B-1A446AD2D09A}.Release|x64.ActiveCfg = Release|x64
		{97AF52B1-81DA-46A6-8C6B-1A446AD2D09A}.Release|x64.Build.0 = Release|x64
		{97AF52B1-81DA-46A6-8C6B-1A446AD2D09A}.Release|x86.ActiveCfg = Release|Win32
		{97AF52B1-81DA-46A6-8C6B-1A446AD2D09A}.Release|x86.Build.0 = Release|Win32
		{AB8C9904-47E1-494B-9362-2565956E41A6}.Debug|x64.ActiveCfg = Debug|x64
		{AB8C9904-47E1-494B-9362-2565956E41A6}.Debug|x64.Build.0 = Debug|x64
		{AB8C9904-47E1-494B-9362-2565956E41A6}.Debug|x86.ActiveCfg = Debug|Win32
		{AB8C9904-47E1-494B-9362-2565956E41A6}.Debug|x86.Build.0 = Debug|Win32
		{AB8C9904-47E1-494B-9362-2565956E41A6}.Release|x64.ActiveCfg = Release|x64
		{AB8C9904-47E1-494B-9362-2565956E41A6}.Release|x64.Build.0 = Release|x64
		{AB8C9904-47E1-494B-9362-2565956E41A6}.Release|x86.ActiveCfg = Release|Win32
		{AB8C9904-47E1-494B-9362-2565956E41A6}.Release|x86.Build.0 = Release|Win32
		{4A687717-B9FB-4777-87E4-331FB2946789}.Debug|x64.ActiveCfg = Debug|x64
		{4A687717-B9FB-4777-87E4-331FB2946789}.Debug|x64.Build.0 = Debug|x64
		{4A687717-B9FB-4777-87E4-331FB2946789}.Debug|x86.ActiveCfg = Debug|Win32
		{4A687717-B9FB-4777-87E4-331FB2946789}.Debug|x86.Build.0 = Debug|Win32
		{4A687717-B9FB-4777-87E4-331FB2946789}.Release|x64.ActiveCfg = Release|x64
		{4A687717-B9FB-4777-87E4-331FB2946789}.Release|x64.Build.0 = Release|x64
		{4A687717-B9FB-4777-87E4-331FB2946789}.Release|x86.ActiveCfg = Release|Win32
		{4A687717-B9FB-4777-87E4-331FB2946789}.Release|x86.Build.0 = Release|Win32
		{AD62FB5E-84D8-425E-92F4-6E95135495BD}.Debug|x64.ActiveCfg = Debug|x64
		{AD62FB5E-84D8-425E-92F4-6E95135495BD}.Debug|x64.Build.0 = Debug|x64
		{AD62FB5E-84D8-425E-92F4-6E95135495BD}.Debug|x86.ActiveCfg = Debug|Win32
		{AD62FB5E-84D8-425E-92F4-6E95135495BD}.Debug|x86.Build.0 = Debug|Win32
		{AD62FB5E-84D8-425E-92F4-6E95135495BD}.Release|x64.ActiveCfg = Release|x64
		{AD62FB5E-84D8-425E-92F4-6E95135495BD}.Release|x64.Build.0 = Release|x64
		{AD62FB5E-84D8-425E-92F4-6E95135495BD}.Release|x86.ActiveCfg = Release|Win32
		{AD62FB5E-84D8-425E-92F4-6E95135495BD}.Release|x86.Build.0 = Release|Win32
		{6AB712BA-718D-4CF0-A3E1-FD4B8C7B9208}.Debug|x64.ActiveCfg = Debug|x64
		{6AB712BA-718D-4CF0-A3E1-FD4B8C7B9208}.Debug|x64.Build.0 = Debug|x64
		{6AB712BA-718D-4CF0-A3E1-FD4B8C7B9208}.Debug|x86.ActiveCfg = Debug|Win32
		{6AB712BA-718D-4CF0-A3E1-FD4B8C7B9208}.Debug|x86.Build.0 = Debug|Win32
		{6AB712BA-718D-4CF0-A3E1-FD4B8C7B9208}.Release|x64.ActiveCfg = Release|x64
		{6AB712BA-718D-4CF0-A3E1-FD4B8C7B9208}.Release|x64.Build.0 = Release|x64
		{6AB712BA-718D-4CF0-A3E1-FD4B8C7B9208}.Release|x86.ActiveCfg = Release|Win32
		{6AB712BA-718D-4CF0-A3E1-FD4B8C7B9208}.Release|x86.Build.0 = Release|Win32
		{A7DBE2D9-5AE6-4057-8F5D-60D7863465C9}.Debug|x64.ActiveCfg = Debug|x64
		{A7DBE2D9-5AE6-4057-8F5D-60D7863465C9}.Debug|x64.Build.0 = Debug|x64
		{A7DBE2D9-5AE6-4057-8F5D-60D7863465C9}.Debug|x86.ActiveCfg = Debug|Win32
		{A7DBE2D9-5AE6-4057-8F5D-60D7863465C9}.Debug|x86.Build.0 = Debug|Win32
		{A7DBE2D9-5AE6-4057-8F5D-60D7863465C9}.Release|x64.ActiveCfg = Release|x64
		{A7DBE2D9-5AE6-4057-8F5D-60D7863465C9}.Release|x64.Build.0 = Release|x64
		{A7DBE2D9-5AE6-4057-8F5D-60D7863465C9}.Release|x86.ActiveCfg = Release|Win32
		{A7DBE2D9-5AE6-4057-8F5D-60D7863465C9}.Release|x86.Build.0 = Release|Win32
		{95E1B135-6E5D-4315-8547-38EBA3E163E9}.Debug|x64.ActiveCfg = Debug|x64
		{95E1B135-6E5D-4315-8547-38EBA3E163E9}.Debug|x64.Build.0 = Debug|x64
		{95E1B135-6E5D-4315-8547-38EBA3E163E9}.Debug|x86.ActiveCfg = Debug|Win32
		{95E1B135-6E5D-4315-8547-38EBA3E163E9}.Debug|x86.Build.0 = Debug|Win32
		{95E1B135-6E5D-4315-8547-38EBA3E163E9}.Release|x64.ActiveCfg = Release|x64
		{95E1B135-6E5D-4315-8547-38EBA3E163E9}.Release|x64.Build.0 = Release|x64
		{95E1B135-6E5D-4315-8547-38EBA3E163E9}.Release|x86.ActiveCfg = Release|Win32
		{95E1B135-6E5D-4315-8547-38EBA3E163E9}.Release|x86.Build.0 = Release|Win32
		{A46498C2-63C4-4C87-A6EC-4D1BF47D89BE}.Debug|x64.ActiveCfg = Debug|x64
		{A46498C2-63C4-4C87-A6EC-4D1BF47D89BE}.Debug|x64.Build.0 = Debug|x64
		{A46498C2-63C4-4C87-A6EC-4D1BF47D89BE}.Debug|x86.ActiveCfg = Debug|Win32
		{A46498C2-63C4-4C87-A6EC-4D1BF47D89BE}.Debug|x86.Build.0 = Debug|Win32
		{A46498C2-63C4-4C87-A6EC-4D1BF47D89BE}.Release|x64.ActiveCfg = Release|x64
		{A46498C2-63C4-4C87-A6EC-4D1BF47D89BE}.Release|x64.Build.0 = Release|x64
		{A46498C2-63C4-4C87-A6EC-4D1BF47D89BE}.Release|x86.ActiveCfg = Release|Win32
		{A46498C2-63C4-4C87-A6EC-4D1BF47D89BE}.Release|x86.Build.0 = Release|Win32
		{FD94ACF3-D203-490A-83F4-7619C2C41C72}.Debug|x64.ActiveCfg = Debug|x64
		{FD94ACF3-D203-490A-83F4-7619C2C41C72}.Debug|x64.Build.0 = Debug|x64
		{FD94ACF3-D203-490A-83F4-7619C2C41C72}.Debug|x86.ActiveCfg = Debug|Win32
		{FD94ACF3-D203-490A-83F4-7619C2C41C72}.Debug|x86.Build.0 = Debug|Win32
		{FD94ACF3-D203-490A-83F4-7619C2C41C72}.Release|x64.ActiveCfg = Release|x64
		{FD94ACF3-D203-490A-83F4-7619C2C41C72}.Release|x64.Build.0 = Release|x64
		{FD94ACF3-D203-490A-83F4-7619C2C41C72}.Release|x86.ActiveCfg = Release|Win32
		{FD94ACF3-D203-490A-83F4-7619C2C41C72}.Release|x86.Build.0 = Release|Win32
		{745C0619-C58E-4355-B9AB-A1F157B34C01}.Debug|x64.ActiveCfg = Debug|x64
		{745C0619-C58E-4355-B9AB-A1F157B34C01}.Debug|x64.Build.0 = Debug|x64
		{745C0619-C58E-4355-B9AB-A1F157B34C01}.Debug|x86.ActiveCfg = Debug|Win32
		{745C0619-C58E-4355-B9AB-A1F157B34C01}.Debug|x86.Build.0 = Debug|Win32
		{745C0619-C58E-4355-B9AB-A1F157B34C01}.Release|x64.ActiveCfg = Release|x64
		{745C0619-C58E-4355-B9AB-A1F157B34C01}.Release|x64.Build.0 = Release|x64
		{745C0619-C58E-4355-B9AB-A1F157B34C01}.Release|x86.ActiveCfg = Release|Win32
		{745C0619-C58E-4355-B9AB-A1F157B34C01}.Release|x86.Build.0 = Release|Win32
		{CD818B81-FA08-4A6D-95E0-88F4A4A58F4B}.Debug|x64.ActiveCfg = Debug|x64
		{CD818B81-FA08-4A6D-95E0-88F4A4A58F4B}.Debug|x64.Build.0 = Debug|x64
		{CD818B81-FA08-4A6D-95E0-88F4A4A58F4B}.Debug|x86.ActiveCfg = Debug|Win32
		{CD818B81-FA08-4A6D-95E0-88F4A4A58F4B}.Debug|x86.Build.0 = Debug|Win32
		{CD818B81-FA08-4A6D-95E0-88F4A4A58F4B}.Release|x64.ActiveCfg = Release|x64
		{CD818B81-FA08-4A6D-95E0-88F4A4A58F4B}.Release|x64.Build.0 = Release|x64
		{CD818B81-FA08-4A6D-95E0-88F4A4A58F4B}.Release|x86.ActiveCfg = Release|Win32
		{CD818B81-FA08-4A6D-95E0-88F4A4A58F4B}.Release|x86.Build.0 = Release|Win32
		{76F133FE-683E-4D78-9E62-B7284C9FB5F9}.Debug|x64.ActiveCfg = Debug|x64
		{76F133FE-683E-4D78-9E62-B7284C9FB5F9}.Debug|x64.Build.0 = Debug|x64
		{76F133FE-683E-4D78-9E62-B7284C9FB5F9}.Debug|x86.ActiveCfg = Debug|Win32
		{76F133FE-683E-4D78-9E62-B7284C9FB5F9}.Debug|x86.Build.0 = Debug|Win32
		{76F133FE-683E-4D78-9E62-B7284C9FB5F9}.Release|x64.ActiveCfg = Release|x64
		{76F133FE-683E-4D78-9E62-B7284C9FB5F9}.Release|x64.Build.0 = Release|x64
		{76F133FE-683E-4D78-9E62-B7284C9FB5F9}.Release|x86.ActiveCfg = Release|Win32
		{76F133FE-683E-4D78-9E62-B7284C9FB5F9}.Release|x86.Build.0 = Release|Win32
		{35B613A6-3F85-4815-9004-FD27B93931F7}.Debug|x64.ActiveCfg = Debug|x64
		{35B613A6-3F85-4815-9004-FD27B93931F7}.Debug|x64.Build.0 = Debug|x64
		{35B613A6-3F85-4815-9004-FD27B93931F7}.Debug|x86.ActiveCfg = Debug|Win32
		{35B613A6-3F85-4815-9004-FD27B93931F7}.Debug|x86.Build.0 = Debug|Win32
		{35B613A6-3F85-4815-9004-FD27B93931F7}.Release|x64.ActiveCfg = Release|x64
		{35B613A6-3F85-4815-9004-FD27B93931F7}.Release|x64.Build.0 = Release|x64
		{35B613A6-3F85-4815-9004-FD27B93931F7}.Release|x86.ActiveCfg = Release|Win32
		{35B613A6-3F85-4815-9004-FD27B93931F7}.Release|x86.Build.0 = Release|Win32
		{A618999D-9DC7-4A95-BFEE-8B74EE66F192}.Debug|x64.ActiveCfg = Debug|x64
		{A618999D-9DC7-4A95-BFEE-8B74EE66F192}.Debug|x64.Build.0 = Debug|x64
		{A618999D-9DC7-4A95-BFEE-8B74EE66F192}.Debug|x86.ActiveCfg = Debug|Win32
		{A618999D-9DC7-4A95-BFEE-8B74EE66F192}.Debug|x86.Build.0 = Debug|Win32
		{A618999D-9DC7-4A95-BFEE-8B74EE66F192}.Release|x64.ActiveCfg = Release|x64
		{A618999D-9DC7-4A95-BFEE-8B74EE66F192}.Release|x64.Build.0 = Release|x64
		{A618999D-9DC7-4A95-BFEE-8B74EE66F192}.Release|x86.ActiveCfg = Release|Win32
		{A618999D-9DC7-4A95-BFEE-8B74EE66F192}.Release|x86.Build.0 = Release|Win32
		{7DED7E8D-BAC2-4E01-A91B-453AEB5595F7}.Debug|x64.ActiveCfg = Debug|x64
		{7DED7E8D-BAC2-4E01-A91B-453AEB5595F7}.Debug|x64.Build.0 = Debug|x64
		{7DED7E8D-BAC2-4E01-A91B-453AEB5595F7}.Debug|x86.ActiveCfg = Debug|Win32
		{7DED7E8D-BAC2-4E01-A91B-453AEB5595F7}.Debug|x86.Build.0 = Debug|Win32
		{7DED7E8D-BAC2-4E01-A91B-453AEB5595F7}.Release|x64.ActiveCfg = Release|x64
		{7DED7E8D-BAC2-4E01-A91B-453AEB5595F7}.Release|x64.Build.0 = Release|x64
		{7DED7E8D-BAC2-4E01-A91B-453AEB5595F7}.Release|x86.ActiveCfg = Release|Win32
		{7DED7E8D-BAC2-4E01-A91B-453AEB5595F7}.Release|x86.Build.0 = Release|Win32
		{AE1EAA19-7158-4EA3-80B6-3D679924D76D}.Debug|x64.ActiveCfg = Debug|x64
		{AE1EAA19-7158-4EA3-80B6-3D679924D76D}.Debug|x64.Build.0 = Debug|x64
		{AE1EAA19-7158-4EA3-80B6-3D679924D76D}.Debug|x86.ActiveCfg = Debug|Win32
		{AE1EAA19-7158-4EA3-80B6-3D679924D76D}.Debug|x86.Build.0 = Debug|Win32
		{AE1EAA19-7158-4EA3-80B6-3D679924D76D}.Release|x64.ActiveCfg = Release|x64
		{AE1EAA19-7158-4EA3-80B6-3D679924D76D}.Release|x64.Build.0 = Release|x64
		{AE1EAA19-7158-4EA3-80B6-3D679924D76D}.Release|x86.ActiveCfg = Release|Win32
		{AE1EAA19-7158-4EA3-80B6-3D679924D76D}.Release|x86.Build.0 = Release|Win32
		{0AB7F693-2AE3-4A79-9A50-F52C85C60F23}.Debug|x64.ActiveCfg = Debug|x64
		{0AB7F693-2AE3-4A79-9A50-F52C85C60F23}.Debug|x64.Build.0 = Debug|x64
		{0AB7F693-2AE3-4A79-9A50-F52C85C60F23}.Debug|x86.ActiveCfg = Debug|Win32
		{0AB7F693-2AE3-4A79-9A50-F52C85C60F23}.Debug|x86.Build.0 = Debug|Win32
		{0AB7F693-2AE3-4A79-9A50-F52C85C60F23}.Release|x64.ActiveCfg = Release|x64
		{0AB7F693-2AE3-4A79-9A50-F52C85C60F23}.Release|x64.Build.0 = Release|x64
		{0AB7F693-2AE3-4A79-9A50-F52C85C60F23}.Release|x86.ActiveCfg = Release|Win32
		{0AB7F693-2AE3-4A79-9A50-F52C85C60F23}.Release|x86.Build.0 = Release|Win32
		{C86F6E88-F217-46B3-B2CE-CD5D8871D37E}.Debug|x64.ActiveCfg = Debug|x64
		{C86F6E88-F217-46B3-B2CE-CD5D8871D37E}.Debug|x64.Build.0 = Debug|x64
		{C86F6E88-F217-46B3-B2CE-CD5D8871D37E}.Debug|x86.ActiveCfg = Debug|Win32
		{C86F6E88-F217-46B3-B2CE-CD5D8871D37E}.Debug|x86.Build.0 = Debug|Win32
		{C86F6E88-F217-46B3-B2CE-CD5D8871D37E}.Release|x64.ActiveCfg = Release|x64
		{C86F6E88-F217-46B3-B2CE-CD5D8871D37E}.Release|x64.Build.0 = Release|x64
		{C86F6E88-F217-46B3-B2CE-CD5D8871D37E}.Release|x86.ActiveCfg = Release|Win32
		{C86F6E88-F217-46B3-B2CE-CD5D8871D37E}.Release|x86.Build.0 = Release|Win32
		{3BC3ECD1-92CB-402F-BF2D-321FE83F87C6}.Debug|x64.ActiveCfg = Debug|x64
		{3BC3ECD1-92CB-402F-BF2D-321FE83F87C6}.Debug|x64.Build.0 = Debug|x64
		{3BC3ECD1-92CB-402F-BF2D-321FE83F87C6}.Debug|x86.ActiveCfg = Debug|Win32
		{3BC3ECD1-92CB-402F-BF2D-321FE83F87C6}.Debug|x86.Build.0 = Debug|Win32
		{3BC3ECD1-92CB-402F-BF2D-321FE83F87C6}.Release|x64.ActiveCfg = Release|x64
		{3BC3ECD1-92CB-402F-BF2D-321FE83F87C6}.Release|x64.Build.0 = Release|x64
		{3BC3ECD1-92CB-402F-BF2D-321FE83F87C6}.Release|x86.ActiveCfg = Release|Win32
		{3BC3ECD1-92CB-402F-BF2D-321FE83F87C6}.Release|x86.Build.0 = Release|Win32
		{7759007A-BFA3-4B4F-A391-0DDDA927412D}.Debug|x64.ActiveCfg = Debug|x64
		{7759007A-BFA3-4B4F-A391-0DDDA927412D}.Debug|x64.Build.0 = Debug|x64
		{7759007A-BFA3-4B4F-A391-0DDDA927412D}.Debug|x86.ActiveCfg = Debug|Win32
		{7759007A-BFA3-4B4F-A391-0DDDA927412D}.Debug|x86.Build.0 = Debug|Win32
		{7759007A-BFA3-4B4F-A391-0DDDA927412D}.Release|x64.ActiveCfg = Release|x64
		{7759007A-BFA3-4B4F-A391-0DDDA927412D}.Release|x64.Build.0 = Release|x64
		{7759007A-BFA3-4B4F-A391-0DDDA927412D}.Release|x86.ActiveCfg = Release|Win32
		{7759007A-BFA3-4B4F-A391-0DDDA927412D}.Release|x86.Build.0 = Release|Win32
		{E0B33E9B-9832-4E38-8A8E-7B4A6C8DF6E9}.Debug|x64.ActiveCfg = Debug|x64
		{E0B33E9B-9832-4E38-8A8E-7B4A6C8DF6E9}.Debug|x64.Build.0 = Debug|x64
		{E0B33E9B-9832-4E38-8A8E-7B4A6C8DF6E9}.Debug|x86.ActiveCfg = Debug|Win32
		{E0B33E9B-9832-4E38-8A8E-7B4A6C8DF6E9}.Debug|x86.Build.0 = Debug|Win32
		{E0B33E9B-9832-4E38-8A8E-7B4A6C8DF6E9}.Release|x64.ActiveCfg = Release|x64
		{E0B33E9B-9832-4E38-8A8E-7B4A6C8DF6E9}.Release|x64.Build.0 = Release|x64
		{E0B33E9B-9832-4E38-8A8E-7B4A6C8DF6E9}.Release|x86.ActiveCfg = Release|Win32
		{E0B33E9B-9832-4E38-8A8E-7B4A6C8DF6E9}.Release|x86.Build.0 = Release|Win32
	EndGlobalSection
	GlobalSection(SolutionProperties) = preSolution
		HideSolutionNode = FALSE
	EndGlobalSection
	GlobalSection(ExtensibilityGlobals) = postSolution
		SolutionGuid = {5923D933-1B27-4AD9-B75B-1980F2E69B20}
	EndGlobalSection
EndGlobal
